
Microsoft Visual Studio Solution File, Format Version 12.00
# Visual Studio Version 17
VisualStudioVersion = 17.7.34221.43
MinimumVisualStudioVersion = 10.0.40219.1
Project("{FAE04EC0-301F-11D3-BF4B-00C04F79EFBC}") = "InternetBankaciligi.WebUI", "InternetBankaciligi.WebUI\InternetBankaciligi.WebUI.csproj", "{DC5C1538-476D-4F13-A655-AA30CA81C167}"
EndProject
Project("{FAE04EC0-301F-11D3-BF4B-00C04F79EFBC}") = "InternetBankaciligi.Entities", "InternetBankaciligi.Entities\InternetBankaciligi.Entities.csproj", "{A5A2B1FE-3D5B-4EF6-B891-A575D60225C8}"
EndProject
Project("{FAE04EC0-301F-11D3-BF4B-00C04F79EFBC}") = "InternetBankaciligi.DataAccess", "InternetBankaciligi.DataAccess\InternetBankaciligi.DataAccess.csproj", "{B4C07FE7-626A-4DB8-A232-37FB726F218E}"
EndProject
Global
	GlobalSection(SolutionConfigurationPlatforms) = preSolution
		Debug|Any CPU = Debug|Any CPU
		Release|Any CPU = Release|Any CPU
	EndGlobalSection
	GlobalSection(ProjectConfigurationPlatforms) = postSolution
		{DC5C1538-476D-4F13-A655-AA30CA81C167}.Debug|Any CPU.ActiveCfg = Debug|Any CPU
		{DC5C1538-476D-4F13-A655-AA30CA81C167}.Debug|Any CPU.Build.0 = Debug|Any CPU
		{DC5C1538-476D-4F13-A655-AA30CA81C167}.Release|Any CPU.ActiveCfg = Release|Any CPU
		{DC5C1538-476D-4F13-A655-AA30CA81C167}.Release|Any CPU.Build.0 = Release|Any CPU
		{A5A2B1FE-3D5B-4EF6-B891-A575D60225C8}.Debug|Any CPU.ActiveCfg = Debug|Any CPU
		{A5A2B1FE-3D5B-4EF6-B891-A575D60225C8}.Debug|Any CPU.Build.0 = Debug|Any CPU
		{A5A2B1FE-3D5B-4EF6-B891-A575D60225C8}.Release|Any CPU.ActiveCfg = Release|Any CPU
		{A5A2B1FE-3D5B-4EF6-B891-A575D60225C8}.Release|Any CPU.Build.0 = Release|Any CPU
		{B4C07FE7-626A-4DB8-A232-37FB726F218E}.Debug|Any CPU.ActiveCfg = Debug|Any CPU
		{B4C07FE7-626A-4DB8-A232-37FB726F218E}.Debug|Any CPU.Build.0 = Debug|Any CPU
		{B4C07FE7-626A-4DB8-A232-37FB726F218E}.Release|Any CPU.ActiveCfg = Release|Any CPU
		{B4C07FE7-626A-4DB8-A232-37FB726F218E}.Release|Any CPU.Build.0 = Release|Any CPU
	EndGlobalSection
	GlobalSection(SolutionProperties) = preSolution
		HideSolutionNode = FALSE
	EndGlobalSection
	GlobalSection(ExtensibilityGlobals) = postSolution
		SolutionGuid = {F02C73E8-F2AE-4D35-B927-2E6123B17C12}
	EndGlobalSection
EndGlobal
